
Microsoft Visual Studio Solution File, Format Version 12.00
# Visual Studio Version 17
VisualStudioVersion = 17.4.33110.190
MinimumVisualStudioVersion = 10.0.40219.1
Project("{FAE04EC0-301F-11D3-BF4B-00C04F79EFBC}") = "Project Management", "Project Management\Project Management.csproj", "{8650346A-6BF9-4623-975F-55FA3E38EA8F}"
EndProject
Project("{FAE04EC0-301F-11D3-BF4B-00C04F79EFBC}") = "UnitTest", "UnitTest\UnitTest.csproj", "{593EFC88-4FAA-49A0-B9BE-0694C665791B}"
EndProject
Global
	GlobalSection(SolutionConfigurationPlatforms) = preSolution
		Debug|Any CPU = Debug|Any CPU
		Release|Any CPU = Release|Any CPU
	EndGlobalSection
	GlobalSection(ProjectConfigurationPlatforms) = postSolution
		{8650346A-6BF9-4623-975F-55FA3E38EA8F}.Debug|Any CPU.ActiveCfg = Debug|Any CPU
		{8650346A-6BF9-4623-975F-55FA3E38EA8F}.Debug|Any CPU.Build.0 = Debug|Any CPU
		{8650346A-6BF9-4623-975F-55FA3E38EA8F}.Release|Any CPU.ActiveCfg = Release|Any CPU
		{8650346A-6BF9-4623-975F-55FA3E38EA8F}.Release|Any CPU.Build.0 = Release|Any CPU
		{593EFC88-4FAA-49A0-B9BE-0694C665791B}.Debug|Any CPU.ActiveCfg = Debug|Any CPU
		{593EFC88-4FAA-49A0-B9BE-0694C665791B}.Debug|Any CPU.Build.0 = Debug|Any CPU
		{593EFC88-4FAA-49A0-B9BE-0694C665791B}.Release|Any CPU.ActiveCfg = Release|Any CPU
		{593EFC88-4FAA-49A0-B9BE-0694C665791B}.Release|Any CPU.Build.0 = Release|Any CPU
	EndGlobalSection
	GlobalSection(SolutionProperties) = preSolution
		HideSolutionNode = FALSE
	EndGlobalSection
	GlobalSection(ExtensibilityGlobals) = postSolution
		SolutionGuid = {D87B5860-D2A3-4EBF-AC30-771D4F883610}
	EndGlobalSection
EndGlobal
